
Microsoft Visual Studio Solution File, Format Version 12.00
# Visual Studio Version 16
VisualStudioVersion = 16.0.30128.74
MinimumVisualStudioVersion = 10.0.40219.1
Project("{9A19103F-16F7-4668-BE54-9A1E7A4F7556}") = "JokeCompany.JokeGenerator.Application", "JokeCompany.JokeGenerator.Application\JokeCompany.JokeGenerator.Application.csproj", "{F31733F5-8322-4DDC-86C9-658FFDC656F8}"
EndProject
Project("{FAE04EC0-301F-11D3-BF4B-00C04F79EFBC}") = "JokeCompany.JokeGenerator.ApplicationTests", "JokeCompany.JokeGenerator.ApplicationTests\JokeCompany.JokeGenerator.ApplicationTests.csproj", "{F3B1577D-7297-4071-97CA-BE28A0483915}"
EndProject
Global
	GlobalSection(SolutionConfigurationPlatforms) = preSolution
		Debug|Any CPU = Debug|Any CPU
		Release|Any CPU = Release|Any CPU
	EndGlobalSection
	GlobalSection(ProjectConfigurationPlatforms) = postSolution
		{F31733F5-8322-4DDC-86C9-658FFDC656F8}.Debug|Any CPU.ActiveCfg = Debug|Any CPU
		{F31733F5-8322-4DDC-86C9-658FFDC656F8}.Debug|Any CPU.Build.0 = Debug|Any CPU
		{F31733F5-8322-4DDC-86C9-658FFDC656F8}.Release|Any CPU.ActiveCfg = Release|Any CPU
		{F31733F5-8322-4DDC-86C9-658FFDC656F8}.Release|Any CPU.Build.0 = Release|Any CPU
		{F3B1577D-7297-4071-97CA-BE28A0483915}.Debug|Any CPU.ActiveCfg = Debug|Any CPU
		{F3B1577D-7297-4071-97CA-BE28A0483915}.Debug|Any CPU.Build.0 = Debug|Any CPU
		{F3B1577D-7297-4071-97CA-BE28A0483915}.Release|Any CPU.ActiveCfg = Release|Any CPU
		{F3B1577D-7297-4071-97CA-BE28A0483915}.Release|Any CPU.Build.0 = Release|Any CPU
	EndGlobalSection
	GlobalSection(SolutionProperties) = preSolution
		HideSolutionNode = FALSE
	EndGlobalSection
	GlobalSection(ExtensibilityGlobals) = postSolution
		SolutionGuid = {CF17FCE6-F577-4E9A-9C82-1BEF64EA47F9}
	EndGlobalSection
EndGlobal
